schema: '2.0'
stages:
  preprocess:
    cmd: python src/preprocess.py
    deps:
    - path: data/raw/wine.csv
      hash: md5
      md5: 2925c4a8cd201c79d97d3d283429ef23
      size: 12261
    - path: src/preprocess.py
      hash: md5
      md5: 84dc58de49c9dced3acd47aa9cff28e3
      size: 543
    outs:
    - path: data/processed/test.csv
      hash: md5
      md5: 76f363447dc2d007f4e65eaf6bb59319
      size: 2614
    - path: data/processed/train.csv
      hash: md5
      md5: 76ca4569905012bf647fcea9752b4412
      size: 9824
  train:
    cmd: python src/train.py
    deps:
    - path: data/processed/test.csv
      hash: md5
      md5: 76f363447dc2d007f4e65eaf6bb59319
      size: 2614
    - path: data/processed/train.csv
      hash: md5
      md5: 76ca4569905012bf647fcea9752b4412
      size: 9824
    - path: src/train.py
      hash: md5
      md5: 87caf8ba5149c1004801fbc8dc541891
      size: 2151
    outs:
    - path: artifacts/
      hash: md5
      md5: d751713988987e9331980363e24189ce.dir
      size: 0
      nfiles: 0
    - path: metrics.json
      hash: md5
      md5: f0ad1b5dd61937c6072871afc4e612f8
      size: 34
